<?xml version="1.0" encoding="utf-8"?>
<Project ToolsVersion="4.0" xmlns="http://schemas.microsoft.com/developer/msbuild/2003">
  <ItemGroup>
    <Filter Include="Source Files">
      <UniqueIdentifier>{4FC737F1-C7A5-4376-A066-2A32D752A2FF}</UniqueIdentifier>
      <Extensions>cpp;c;cc;cxx;def;odl;idl;hpj;bat;asm;asmx</Extensions>
    </Filter>
    <Filter Include="Header Files">
      <UniqueIdentifier>{93995380-89BD-4b04-88EB-625FBE52EBFB}</UniqueIdentifier>
      <Extensions>h;hh;hpp;hxx;hm;inl;inc;ipp;xsd</Extensions>
    </Filter>
    <Filter Include="Resource Files">
      <UniqueIdentifier>{67DA6AB6-F800-4c08-8B7A-83BB121AAD01}</UniqueIdentifier>
      <Extensions>rc;ico;cur;bmp;dlg;rc2;rct;bin;rgs;gif;jpg;jpeg;jpe;resx;tiff;tif;png;wav;mfcribbon-ms</Extensions>
    </Filter>
  </ItemGroup>
  <ItemGroup>
    <ClInclude Include="pch.h">
      <Filter>Header Files</Filter>
    </ClInclude>
    <ClInclude Include="headers\character_enums.h">
      <Filter>Header Files</Filter>
    </ClInclude>
    <ClInclude Include="headers\dice_functions.h">
      <Filter>Header Files</Filter>
    </ClInclude>
    <ClInclude Include="headers\dnd_character.h">
      <Filter>Header Files</Filter>
    </ClInclude>
    <ClInclude Include="headers\typedefs.h">
      <Filter>Header Files</Filter>
    </ClInclude>
    <ClInclude Include="headers\dnd_character_utilities.h">
      <Filter>Header Files</Filter>
    </ClInclude>
    <ClInclude Include="headers\racial_traits.h">
      <Filter>Header Files</Filter>
    </ClInclude>
    <ClInclude Include="headers\spell_base.h">
      <Filter>Header Files</Filter>
    </ClInclude>
    <ClInclude Include="headers\trait_spell.h">
      <Filter>Header Files</Filter>
    </ClInclude>
    <ClInclude Include="headers\trait_spell_manager.h">
      <Filter>Header Files</Filter>
    </ClInclude>
    <ClInclude Include="headers\ability_score_bonus.h">
      <Filter>Header Files</Filter>
    </ClInclude>
    <ClInclude Include="headers\race_utilities.h">
      <Filter>Header Files</Filter>
    </ClInclude>
    <ClInclude Include="headers\racial_traits_manager.h">
      <Filter>Header Files</Filter>
    </ClInclude>
    <ClInclude Include="headers\spell_enums.h">
      <Filter>Header Files</Filter>
    </ClInclude>
    <ClInclude Include="headers\spells.h">
      <Filter>Header Files</Filter>
    </ClInclude>
    <ClInclude Include="headers\spells_manager.h">
      <Filter>Header Files</Filter>
    </ClInclude>
    <ClInclude Include="headers\spell_utilities.h">
      <Filter>Header Files</Filter>
    </ClInclude>
    <ClInclude Include="headers\ui_functions.h">
      <Filter>Header Files</Filter>
    </ClInclude>
  </ItemGroup>
  <ItemGroup>
    <ClCompile Include="pch.cpp">
      <Filter>Source Files</Filter>
    </ClCompile>
    <ClCompile Include="DND_Character_Maker_Backend.cpp">
      <Filter>Source Files</Filter>
    </ClCompile>
    <ClCompile Include="sources\dice_functions.cpp">
      <Filter>Source Files</Filter>
    </ClCompile>
    <ClCompile Include="sources\dnd_character.cpp">
      <Filter>Source Files</Filter>
    </ClCompile>
    <ClCompile Include="sources\dnd_character_utilities.cpp">
      <Filter>Source Files</Filter>
    </ClCompile>
    <ClCompile Include="sources\racial_traits.cpp">
      <Filter>Source Files</Filter>
    </ClCompile>
    <ClCompile Include="sources\trait_spell.cpp">
      <Filter>Source Files</Filter>
    </ClCompile>
    <ClCompile Include="sources\trait_spell_manager.cpp">
      <Filter>Source Files</Filter>
    </ClCompile>
    <ClCompile Include="sources\spell_base.cpp">
      <Filter>Source Files</Filter>
    </ClCompile>
    <ClCompile Include="sources\racial_traits_manager.cpp">
      <Filter>Source Files</Filter>
    </ClCompile>
    <ClCompile Include="sources\race_utilities.cpp">
      <Filter>Source Files</Filter>
    </ClCompile>
    <ClCompile Include="sources\ability_score_bonus.cpp">
      <Filter>Source Files</Filter>
    </ClCompile>
    <ClCompile Include="sources\spells.cpp">
      <Filter>Source Files</Filter>
    </ClCompile>
    <ClCompile Include="sources\spells_manager.cpp">
      <Filter>Source Files</Filter>
    </ClCompile>
    <ClCompile Include="sources\spell_utilities.cpp">
      <Filter>Source Files</Filter>
    </ClCompile>
    <ClCompile Include="sources\ui_functions.cpp">
      <Filter>Source Files</Filter>
    </ClCompile>
  </ItemGroup>
  <ItemGroup>
    <None Include="csv\trait_spells.csv" />
    <None Include="csv\race_traits.csv" />
  </ItemGroup>
</Project>